// !$*UTF8*$!
{
	archiveVersion = 1;
	classes = {
	};
	objectVersion = 50;
	objects = {

/* Begin PBXBuildFile section */
		C3079A7D22CC0AB6008E41A7 /* Analyzer.swift in Sources */ = {isa = PBXBuildFile; fileRef = C3079A7C22CC0AB6008E41A7 /* Analyzer.swift */; };
		C3079A7F22CC94C5008E41A7 /* Result+Helpers.swift in Sources */ = {isa = PBXBuildFile; fileRef = C3079A7E22CC94C5008E41A7 /* Result+Helpers.swift */; };
		C37D665A21ADF98200CC2BD9 /* TestTarget.swift in Sources */ = {isa = PBXBuildFile; fileRef = C37D665921ADF98200CC2BD9 /* TestTarget.swift */; };
		C37D665C21ADF99700CC2BD9 /* TestSuite.swift in Sources */ = {isa = PBXBuildFile; fileRef = C37D665B21ADF99700CC2BD9 /* TestSuite.swift */; };
		C37D665E21ADF9CF00CC2BD9 /* SubTestSuite.swift in Sources */ = {isa = PBXBuildFile; fileRef = C37D665D21ADF9CF00CC2BD9 /* SubTestSuite.swift */; };
		C37D666021ADF9FF00CC2BD9 /* Test.swift in Sources */ = {isa = PBXBuildFile; fileRef = C37D665F21ADF9FF00CC2BD9 /* Test.swift */; };
		C37D666221ADFA1E00CC2BD9 /* TestFunction.swift in Sources */ = {isa = PBXBuildFile; fileRef = C37D666121ADFA1E00CC2BD9 /* TestFunction.swift */; };
		C37D666421ADFA8E00CC2BD9 /* FailureSummary.swift in Sources */ = {isa = PBXBuildFile; fileRef = C37D666321ADFA8E00CC2BD9 /* FailureSummary.swift */; };
		C37D666621ADFAA900CC2BD9 /* ActivitySummary.swift in Sources */ = {isa = PBXBuildFile; fileRef = C37D666521ADFAA900CC2BD9 /* ActivitySummary.swift */; };
		C37D666821ADFAC500CC2BD9 /* Attachment.swift in Sources */ = {isa = PBXBuildFile; fileRef = C37D666721ADFAC500CC2BD9 /* Attachment.swift */; };
		C385D4D321AB58A4008874E5 /* Array+Safe.swift in Sources */ = {isa = PBXBuildFile; fileRef = C385D4D221AB58A4008874E5 /* Array+Safe.swift */; };
		C386B08121AB4E0D00814255 /* main.swift in Sources */ = {isa = PBXBuildFile; fileRef = C386B08021AB4E0D00814255 /* main.swift */; };
		C386B08521AB4E1D00814255 /* Result.swift in Sources */ = {isa = PBXBuildFile; fileRef = C359C7A221A2AFD00003408C /* Result.swift */; };
		C386B08921AB526300814255 /* ResultHandler.swift in Sources */ = {isa = PBXBuildFile; fileRef = C386B08721AB51B500814255 /* ResultHandler.swift */; };
/* End PBXBuildFile section */

/* Begin PBXCopyFilesBuildPhase section */
		C386B07C21AB4E0C00814255 /* CopyFiles */ = {
			isa = PBXCopyFilesBuildPhase;
			buildActionMask = 2147483647;
			dstPath = /usr/share/man/man1/;
			dstSubfolderSpec = 0;
			files = (
			);
			runOnlyForDeploymentPostprocessing = 1;
		};
/* End PBXCopyFilesBuildPhase section */

/* Begin PBXFileReference section */
		C3079A7C22CC0AB6008E41A7 /* Analyzer.swift */ = {isa = PBXFileReference; lastKnownFileType = sourcecode.swift; path = Analyzer.swift; sourceTree = "<group>"; };
		C3079A7E22CC94C5008E41A7 /* Result+Helpers.swift */ = {isa = PBXFileReference; lastKnownFileType = sourcecode.swift; path = "Result+Helpers.swift"; sourceTree = "<group>"; };
		C359C7A221A2AFD00003408C /* Result.swift */ = {isa = PBXFileReference; lastKnownFileType = sourcecode.swift; path = Result.swift; sourceTree = "<group>"; };
		C37D665921ADF98200CC2BD9 /* TestTarget.swift */ = {isa = PBXFileReference; lastKnownFileType = sourcecode.swift; path = TestTarget.swift; sourceTree = "<group>"; };
		C37D665B21ADF99700CC2BD9 /* TestSuite.swift */ = {isa = PBXFileReference; lastKnownFileType = sourcecode.swift; path = TestSuite.swift; sourceTree = "<group>"; };
		C37D665D21ADF9CF00CC2BD9 /* SubTestSuite.swift */ = {isa = PBXFileReference; lastKnownFileType = sourcecode.swift; path = SubTestSuite.swift; sourceTree = "<group>"; };
		C37D665F21ADF9FF00CC2BD9 /* Test.swift */ = {isa = PBXFileReference; lastKnownFileType = sourcecode.swift; path = Test.swift; sourceTree = "<group>"; };
		C37D666121ADFA1E00CC2BD9 /* TestFunction.swift */ = {isa = PBXFileReference; lastKnownFileType = sourcecode.swift; path = TestFunction.swift; sourceTree = "<group>"; };
		C37D666321ADFA8E00CC2BD9 /* FailureSummary.swift */ = {isa = PBXFileReference; lastKnownFileType = sourcecode.swift; path = FailureSummary.swift; sourceTree = "<group>"; };
		C37D666521ADFAA900CC2BD9 /* ActivitySummary.swift */ = {isa = PBXFileReference; lastKnownFileType = sourcecode.swift; path = ActivitySummary.swift; sourceTree = "<group>"; };
		C37D666721ADFAC500CC2BD9 /* Attachment.swift */ = {isa = PBXFileReference; lastKnownFileType = sourcecode.swift; path = Attachment.swift; sourceTree = "<group>"; };
		C385D4D221AB58A4008874E5 /* Array+Safe.swift */ = {isa = PBXFileReference; lastKnownFileType = sourcecode.swift; path = "Array+Safe.swift"; sourceTree = "<group>"; };
		C386B07E21AB4E0C00814255 /* xcresultviewer */ = {isa = PBXFileReference; explicitFileType = "compiled.mach-o.executable"; includeInIndex = 0; path = xcresultviewer; sourceTree = BUILT_PRODUCTS_DIR; };
		C386B08021AB4E0D00814255 /* main.swift */ = {isa = PBXFileReference; lastKnownFileType = sourcecode.swift; path = main.swift; sourceTree = "<group>"; };
		C386B08721AB51B500814255 /* ResultHandler.swift */ = {isa = PBXFileReference; lastKnownFileType = sourcecode.swift; path = ResultHandler.swift; sourceTree = "<group>"; };
/* End PBXFileReference section */

/* Begin PBXFrameworksBuildPhase section */
		C386B07B21AB4E0C00814255 /* Frameworks */ = {
			isa = PBXFrameworksBuildPhase;
			buildActionMask = 2147483647;
			files = (
			);
			runOnlyForDeploymentPostprocessing = 0;
		};
/* End PBXFrameworksBuildPhase section */

/* Begin PBXGroup section */
		C359C78621A2AF9D0003408C = {
			isa = PBXGroup;
			children = (
				C386B07F21AB4E0D00814255 /* xcresult */,
				C359C79021A2AF9D0003408C /* Products */,
			);
			sourceTree = "<group>";
		};
		C359C79021A2AF9D0003408C /* Products */ = {
			isa = PBXGroup;
			children = (
				C386B07E21AB4E0C00814255 /* xcresultviewer */,
			);
			name = Products;
			sourceTree = "<group>";
		};
		C37D666921ADFAF900CC2BD9 /* Result */ = {
			isa = PBXGroup;
			children = (
				C359C7A221A2AFD00003408C /* Result.swift */,
				C37D665921ADF98200CC2BD9 /* TestTarget.swift */,
				C37D665B21ADF99700CC2BD9 /* TestSuite.swift */,
				C37D665D21ADF9CF00CC2BD9 /* SubTestSuite.swift */,
				C37D665F21ADF9FF00CC2BD9 /* Test.swift */,
				C37D666121ADFA1E00CC2BD9 /* TestFunction.swift */,
				C37D666321ADFA8E00CC2BD9 /* FailureSummary.swift */,
				C37D666521ADFAA900CC2BD9 /* ActivitySummary.swift */,
				C37D666721ADFAC500CC2BD9 /* Attachment.swift */,
				C3079A7E22CC94C5008E41A7 /* Result+Helpers.swift */,
			);
			path = Result;
			sourceTree = "<group>";
		};
		C37D666A21ADFB1100CC2BD9 /* Helpers */ = {
			isa = PBXGroup;
			children = (
				C385D4D221AB58A4008874E5 /* Array+Safe.swift */,
			);
			path = Helpers;
			sourceTree = "<group>";
		};
		C37D666B21ADFB1C00CC2BD9 /* Model */ = {
			isa = PBXGroup;
			children = (
				C37D666921ADFAF900CC2BD9 /* Result */,
				C386B08721AB51B500814255 /* ResultHandler.swift */,
				C3079A7C22CC0AB6008E41A7 /* Analyzer.swift */,
			);
			path = Model;
			sourceTree = "<group>";
		};
		C386B07F21AB4E0D00814255 /* xcresult */ = {
			isa = PBXGroup;
			children = (
				C386B08021AB4E0D00814255 /* main.swift */,
				C37D666B21ADFB1C00CC2BD9 /* Model */,
				C37D666A21ADFB1100CC2BD9 /* Helpers */,
			);
			path = xcresult;
			sourceTree = "<group>";
		};
/* End PBXGroup section */

/* Begin PBXNativeTarget section */
		C386B07D21AB4E0C00814255 /* xcresultviewer */ = {
			isa = PBXNativeTarget;
			buildConfigurationList = C386B08221AB4E0D00814255 /* Build configuration list for PBXNativeTarget "xcresultviewer" */;
			buildPhases = (
				C386B07A21AB4E0C00814255 /* Sources */,
				C386B07B21AB4E0C00814255 /* Frameworks */,
				C386B07C21AB4E0C00814255 /* CopyFiles */,
			);
			buildRules = (
			);
			dependencies = (
			);
			name = xcresultviewer;
			productName = xcresult;
			productReference = C386B07E21AB4E0C00814255 /* xcresultviewer */;
			productType = "com.apple.product-type.tool";
		};
/* End PBXNativeTarget section */

/* Begin PBXProject section */
		C359C78721A2AF9D0003408C /* Project object */ = {
			isa = PBXProject;
			attributes = {
				LastSwiftUpdateCheck = 1010;
				LastUpgradeCheck = 1010;
				ORGANIZATIONNAME = kane.codes;
				TargetAttributes = {
					C386B07D21AB4E0C00814255 = {
						CreatedOnToolsVersion = 10.1;
					};
				};
			};
			buildConfigurationList = C359C78A21A2AF9D0003408C /* Build configuration list for PBXProject "XCResultViewer" */;
			compatibilityVersion = "Xcode 9.3";
			developmentRegion = en;
			hasScannedForEncodings = 0;
			knownRegions = (
				en,
				Base,
			);
			mainGroup = C359C78621A2AF9D0003408C;
			productRefGroup = C359C79021A2AF9D0003408C /* Products */;
			projectDirPath = "";
			projectRoot = "";
			targets = (
				C386B07D21AB4E0C00814255 /* xcresultviewer */,
			);
		};
/* End PBXProject section */

/* Begin PBXSourcesBuildPhase section */
		C386B07A21AB4E0C00814255 /* Sources */ = {
			isa = PBXSourcesBuildPhase;
			buildActionMask = 2147483647;
			files = (
				C386B08521AB4E1D00814255 /* Result.swift in Sources */,
				C385D4D321AB58A4008874E5 /* Array+Safe.swift in Sources */,
				C37D666621ADFAA900CC2BD9 /* ActivitySummary.swift in Sources */,
				C37D665E21ADF9CF00CC2BD9 /* SubTestSuite.swift in Sources */,
				C37D666821ADFAC500CC2BD9 /* Attachment.swift in Sources */,
				C37D666421ADFA8E00CC2BD9 /* FailureSummary.swift in Sources */,
				C37D665C21ADF99700CC2BD9 /* TestSuite.swift in Sources */,
				C3079A7D22CC0AB6008E41A7 /* Analyzer.swift in Sources */,
				C386B08121AB4E0D00814255 /* main.swift in Sources */,
				C37D666021ADF9FF00CC2BD9 /* Test.swift in Sources */,
				C3079A7F22CC94C5008E41A7 /* Result+Helpers.swift in Sources */,
				C386B08921AB526300814255 /* ResultHandler.swift in Sources */,
				C37D665A21ADF98200CC2BD9 /* TestTarget.swift in Sources */,
				C37D666221ADFA1E00CC2BD9 /* TestFunction.swift in Sources */,
			);
			runOnlyForDeploymentPostprocessing = 0;
		};
/* End PBXSourcesBuildPhase section */

/* Begin XCBuildConfiguration section */
		C359C79D21A2AFA10003408C /* Debug */ = {
			isa = XCBuildConfiguration;
			buildSettings = {
				ALWAYS_SEARCH_USER_PATHS = NO;
				CLANG_ANALYZER_NONNULL = YES;
				CLANG_ANALYZER_NUMBER_OBJECT_CONVERSION = YES_AGGRESSIVE;
				CLANG_CXX_LANGUAGE_STANDARD = "gnu++14";
				CLANG_CXX_LIBRARY = "libc++";
				CLANG_ENABLE_MODULES = YES;
				CLANG_ENABLE_OBJC_ARC = YES;
				CLANG_ENABLE_OBJC_WEAK = YES;
				CLANG_WARN_BLOCK_CAPTURE_AUTORELEASING = YES;
				CLANG_WARN_BOOL_CONVERSION = YES;
				CLANG_WARN_COMMA = YES;
				CLANG_WARN_CONSTANT_CONVERSION = YES;
				CLANG_WARN_DEPRECATED_OBJC_IMPLEMENTATIONS = YES;
				CLANG_WARN_DIRECT_OBJC_ISA_USAGE = YES_ERROR;
				CLANG_WARN_DOCUMENTATION_COMMENTS = YES;
				CLANG_WARN_EMPTY_BODY = YES;
				CLANG_WARN_ENUM_CONVERSION = YES;
				CLANG_WARN_INFINITE_RECURSION = YES;
				CLANG_WARN_INT_CONVERSION = YES;
				CLANG_WARN_NON_LITERAL_NULL_CONVERSION = YES;
				CLANG_WARN_OBJC_IMPLICIT_RETAIN_SELF = YES;
				CLANG_WARN_OBJC_LITERAL_CONVERSION = YES;
				CLANG_WARN_OBJC_ROOT_CLASS = YES_ERROR;
				CLANG_WARN_RANGE_LOOP_ANALYSIS = YES;
				CLANG_WARN_STRICT_PROTOTYPES = YES;
				CLANG_WARN_SUSPICIOUS_MOVE = YES;
				CLANG_WARN_UNGUARDED_AVAILABILITY = YES_AGGRESSIVE;
				CLANG_WARN_UNREACHABLE_CODE = YES;
				CLANG_WARN__DUPLICATE_METHOD_MATCH = YES;
				CODE_SIGN_IDENTITY = "Mac Developer";
				COPY_PHASE_STRIP = NO;
				DEBUG_INFORMATION_FORMAT = dwarf;
				ENABLE_STRICT_OBJC_MSGSEND = YES;
				ENABLE_TESTABILITY = YES;
				GCC_C_LANGUAGE_STANDARD = gnu11;
				GCC_DYNAMIC_NO_PIC = NO;
				GCC_NO_COMMON_BLOCKS = YES;
				GCC_OPTIMIZATION_LEVEL = 0;
				GCC_PREPROCESSOR_DEFINITIONS = (
					"DEBUG=1",
					"$(inherited)",
				);
				GCC_WARN_64_TO_32_BIT_CONVERSION = YES;
				GCC_WARN_ABOUT_RETURN_TYPE = YES_ERROR;
				GCC_WARN_UNDECLARED_SELECTOR = YES;
				GCC_WARN_UNINITIALIZED_AUTOS = YES_AGGRESSIVE;
				GCC_WARN_UNUSED_FUNCTION = YES;
				GCC_WARN_UNUSED_VARIABLE = YES;
				MACOSX_DEPLOYMENT_TARGET = 10.14;
				MTL_ENABLE_DEBUG_INFO = INCLUDE_SOURCE;
				MTL_FAST_MATH = YES;
				ONLY_ACTIVE_ARCH = YES;
				SDKROOT = macosx;
				SWIFT_ACTIVE_COMPILATION_CONDITIONS = DEBUG;
				SWIFT_OPTIMIZATION_LEVEL = "-Onone";
			};
			name = Debug;
		};
		C359C79E21A2AFA10003408C /* Release */ = {
			isa = XCBuildConfiguration;
			buildSettings = {
				ALWAYS_SEARCH_USER_PATHS = NO;
				CLANG_ANALYZER_NONNULL = YES;
				CLANG_ANALYZER_NUMBER_OBJECT_CONVERSION = YES_AGGRESSIVE;
				CLANG_CXX_LANGUAGE_STANDARD = "gnu++14";
				CLANG_CXX_LIBRARY = "libc++";
				CLANG_ENABLE_MODULES = YES;
				CLANG_ENABLE_OBJC_ARC = YES;
				CLANG_ENABLE_OBJC_WEAK = YES;
				CLANG_WARN_BLOCK_CAPTURE_AUTORELEASING = YES;
				CLANG_WARN_BOOL_CONVERSION = YES;
				CLANG_WARN_COMMA = YES;
				CLANG_WARN_CONSTANT_CONVERSION = YES;
				CLANG_WARN_DEPRECATED_OBJC_IMPLEMENTATIONS = YES;
				CLANG_WARN_DIRECT_OBJC_ISA_USAGE = YES_ERROR;
				CLANG_WARN_DOCUMENTATION_COMMENTS = YES;
				CLANG_WARN_EMPTY_BODY = YES;
				CLANG_WARN_ENUM_CONVERSION = YES;
				CLANG_WARN_INFINITE_RECURSION = YES;
				CLANG_WARN_INT_CONVERSION = YES;
				CLANG_WARN_NON_LITERAL_NULL_CONVERSION = YES;
				CLANG_WARN_OBJC_IMPLICIT_RETAIN_SELF = YES;
				CLANG_WARN_OBJC_LITERAL_CONVERSION = YES;
				CLANG_WARN_OBJC_ROOT_CLASS = YES_ERROR;
				CLANG_WARN_RANGE_LOOP_ANALYSIS = YES;
				CLANG_WARN_STRICT_PROTOTYPES = YES;
				CLANG_WARN_SUSPICIOUS_MOVE = YES;
				CLANG_WARN_UNGUARDED_AVAILABILITY = YES_AGGRESSIVE;
				CLANG_WARN_UNREACHABLE_CODE = YES;
				CLANG_WARN__DUPLICATE_METHOD_MATCH = YES;
				CODE_SIGN_IDENTITY = "Mac Developer";
				COPY_PHASE_STRIP = NO;
				DEBUG_INFORMATION_FORMAT = "dwarf-with-dsym";
				ENABLE_NS_ASSERTIONS = NO;
				ENABLE_STRICT_OBJC_MSGSEND = YES;
				GCC_C_LANGUAGE_STANDARD = gnu11;
				GCC_NO_COMMON_BLOCKS = YES;
				GCC_WARN_64_TO_32_BIT_CONVERSION = YES;
				GCC_WARN_ABOUT_RETURN_TYPE = YES_ERROR;
				GCC_WARN_UNDECLARED_SELECTOR = YES;
				GCC_WARN_UNINITIALIZED_AUTOS = YES_AGGRESSIVE;
				GCC_WARN_UNUSED_FUNCTION = YES;
				GCC_WARN_UNUSED_VARIABLE = YES;
				MACOSX_DEPLOYMENT_TARGET = 10.14;
				MTL_ENABLE_DEBUG_INFO = NO;
				MTL_FAST_MATH = YES;
				SDKROOT = macosx;
				SWIFT_COMPILATION_MODE = wholemodule;
				SWIFT_OPTIMIZATION_LEVEL = "-O";
			};
			name = Release;
		};
		C386B08321AB4E0D00814255 /* Debug */ = {
			isa = XCBuildConfiguration;
			buildSettings = {
				CODE_SIGN_STYLE = Manual;
				DEVELOPMENT_TEAM = 9BCL7VAFF4;
				MACOSX_DEPLOYMENT_TARGET = 10.13;
				PRODUCT_NAME = "$(TARGET_NAME)";
				PROVISIONING_PROFILE_SPECIFIER = "";
				SWIFT_VERSION = 4.2;
			};
			name = Debug;
		};
		C386B08421AB4E0D00814255 /* Release */ = {
			isa = XCBuildConfiguration;
			buildSettings = {
				CODE_SIGN_STYLE = Manual;
				DEVELOPMENT_TEAM = 9BCL7VAFF4;
				MACOSX_DEPLOYMENT_TARGET = 10.13;
				PRODUCT_NAME = "$(TARGET_NAME)";
				PROVISIONING_PROFILE_SPECIFIER = "";
				SWIFT_VERSION = 4.2;
			};
			name = Release;
		};
/* End XCBuildConfiguration section */

/* Begin XCConfigurationList section */
		C359C78A21A2AF9D0003408C /* Build configuration list for PBXProject "XCResultViewer" */ = {
			isa = XCConfigurationList;
			buildConfigurations = (
				C359C79D21A2AFA10003408C /* Debug */,
				C359C79E21A2AFA10003408C /* Release */,
			);
			defaultConfigurationIsVisible = 0;
			defaultConfigurationName = Release;
		};
		C386B08221AB4E0D00814255 /* Build configuration list for PBXNativeTarget "xcresultviewer" */ = {
			isa = XCConfigurationList;
			buildConfigurations = (
				C386B08321AB4E0D00814255 /* Debug */,
				C386B08421AB4E0D00814255 /* Release */,
			);
			defaultConfigurationIsVisible = 0;
			defaultConfigurationName = Release;
		};
/* End XCConfigurationList section */
	};
	rootObject = C359C78721A2AF9D0003408C /* Project object */;
}
